
Microsoft Visual Studio Solution File, Format Version 12.00
# Visual Studio 15
VisualStudioVersion = 15.0.26730.15
MinimumVisualStudioVersion = 10.0.40219.1
Project("{FAE04EC0-301F-11D3-BF4B-00C04F79EFBC}") = "Interface_Client", "Interface_Client\Interface_Client.csproj", "{962FCBBC-A209-4118-A679-8BBE2F71A959}"
EndProject
Project("{FAE04EC0-301F-11D3-BF4B-00C04F79EFBC}") = "Interface_Client.Tests", "Interface_Client.Tests\Interface_Client.Tests.csproj", "{CBCC5B38-A3F5-4FB2-B152-CAA2E1FF9FEA}"
EndProject
Project("{FAE04EC0-301F-11D3-BF4B-00C04F79EFBC}") = "Interface_DJ", "Interface_DJ\Interface_DJ.csproj", "{965559E4-4C47-4149-8BC6-C85D26D6DC54}"
EndProject
Project("{FAE04EC0-301F-11D3-BF4B-00C04F79EFBC}") = "Interface_DJ.Tests", "Interface_DJ.Tests\Interface_DJ.Tests.csproj", "{7F18CAE6-A504-4E60-B72A-068F60EE0407}"
EndProject
Project("{FAE04EC0-301F-11D3-BF4B-00C04F79EFBC}") = "Interface_Animation", "Interface_Animation\Interface_Animation.csproj", "{1F7D3648-7645-4F5A-BECA-29A767BA4E28}"
EndProject
Project("{FAE04EC0-301F-11D3-BF4B-00C04F79EFBC}") = "Interface_Animation.Tests", "Interface_Animation.Tests\Interface_Animation.Tests.csproj", "{CD6B4F75-3F5D-4E9A-883D-72DF1CC181D1}"
EndProject
Project("{9A19103F-16F7-4668-BE54-9A1E7A4F7556}") = "TestCoreWebApplication", "TestCoreWebApplication\TestCoreWebApplication.csproj", "{4B0E16CB-42A8-45DF-B5EA-DF74B92CA0C9}"
EndProject
Project("{9A19103F-16F7-4668-BE54-9A1E7A4F7556}") = "KaraokeCoreObjects", "KaraokeCoreObjects\KaraokeCoreObjects.csproj", "{F0DFD901-55A5-475D-93E9-3F8C0E8FBE65}"
EndProject
Project("{9A19103F-16F7-4668-BE54-9A1E7A4F7556}") = "DBSetupAndDataSeed", "JSONSongExtractor\DBSetupAndDataSeed.csproj", "{6EA84D28-DB4C-43A1-A2BE-7B8E5342D9E5}"
	ProjectSection(ProjectDependencies) = postProject
		{F0DFD901-55A5-475D-93E9-3F8C0E8FBE65} = {F0DFD901-55A5-475D-93E9-3F8C0E8FBE65}
	EndProjectSection
EndProject
Project("{FAE04EC0-301F-11D3-BF4B-00C04F79EFBC}") = "KaraokeClient", "KaraokeClient\KaraokeClient.csproj", "{B99F2583-50F4-4E70-8BD3-503B8977587E}"
	ProjectSection(ProjectDependencies) = postProject
		{F0DFD901-55A5-475D-93E9-3F8C0E8FBE65} = {F0DFD901-55A5-475D-93E9-3F8C0E8FBE65}
	EndProjectSection
EndProject
Global
	GlobalSection(SolutionConfigurationPlatforms) = preSolution
		Debug|Any CPU = Debug|Any CPU
		Release|Any CPU = Release|Any CPU
	EndGlobalSection
	GlobalSection(ProjectConfigurationPlatforms) = postSolution
		{962FCBBC-A209-4118-A679-8BBE2F71A959}.Debug|Any CPU.ActiveCfg = Debug|Any CPU
		{962FCBBC-A209-4118-A679-8BBE2F71A959}.Debug|Any CPU.Build.0 = Debug|Any CPU
		{962FCBBC-A209-4118-A679-8BBE2F71A959}.Release|Any CPU.ActiveCfg = Release|Any CPU
		{962FCBBC-A209-4118-A679-8BBE2F71A959}.Release|Any CPU.Build.0 = Release|Any CPU
		{CBCC5B38-A3F5-4FB2-B152-CAA2E1FF9FEA}.Debug|Any CPU.ActiveCfg = Debug|Any CPU
		{CBCC5B38-A3F5-4FB2-B152-CAA2E1FF9FEA}.Debug|Any CPU.Build.0 = Debug|Any CPU
		{CBCC5B38-A3F5-4FB2-B152-CAA2E1FF9FEA}.Release|Any CPU.ActiveCfg = Release|Any CPU
		{CBCC5B38-A3F5-4FB2-B152-CAA2E1FF9FEA}.Release|Any CPU.Build.0 = Release|Any CPU
		{965559E4-4C47-4149-8BC6-C85D26D6DC54}.Debug|Any CPU.ActiveCfg = Debug|Any CPU
		{965559E4-4C47-4149-8BC6-C85D26D6DC54}.Debug|Any CPU.Build.0 = Debug|Any CPU
		{965559E4-4C47-4149-8BC6-C85D26D6DC54}.Release|Any CPU.ActiveCfg = Release|Any CPU
		{965559E4-4C47-4149-8BC6-C85D26D6DC54}.Release|Any CPU.Build.0 = Release|Any CPU
		{7F18CAE6-A504-4E60-B72A-068F60EE0407}.Debug|Any CPU.ActiveCfg = Debug|Any CPU
		{7F18CAE6-A504-4E60-B72A-068F60EE0407}.Debug|Any CPU.Build.0 = Debug|Any CPU
		{7F18CAE6-A504-4E60-B72A-068F60EE0407}.Release|Any CPU.ActiveCfg = Release|Any CPU
		{7F18CAE6-A504-4E60-B72A-068F60EE0407}.Release|Any CPU.Build.0 = Release|Any CPU
		{1F7D3648-7645-4F5A-BECA-29A767BA4E28}.Debug|Any CPU.ActiveCfg = Debug|Any CPU
		{1F7D3648-7645-4F5A-BECA-29A767BA4E28}.Debug|Any CPU.Build.0 = Debug|Any CPU
		{1F7D3648-7645-4F5A-BECA-29A767BA4E28}.Release|Any CPU.ActiveCfg = Release|Any CPU
		{1F7D3648-7645-4F5A-BECA-29A767BA4E28}.Release|Any CPU.Build.0 = Release|Any CPU
		{CD6B4F75-3F5D-4E9A-883D-72DF1CC181D1}.Debug|Any CPU.ActiveCfg = Debug|Any CPU
		{CD6B4F75-3F5D-4E9A-883D-72DF1CC181D1}.Debug|Any CPU.Build.0 = Debug|Any CPU
		{CD6B4F75-3F5D-4E9A-883D-72DF1CC181D1}.Release|Any CPU.ActiveCfg = Release|Any CPU
		{CD6B4F75-3F5D-4E9A-883D-72DF1CC181D1}.Release|Any CPU.Build.0 = Release|Any CPU
		{4B0E16CB-42A8-45DF-B5EA-DF74B92CA0C9}.Debug|Any CPU.ActiveCfg = Debug|Any CPU
		{4B0E16CB-42A8-45DF-B5EA-DF74B92CA0C9}.Debug|Any CPU.Build.0 = Debug|Any CPU
		{4B0E16CB-42A8-45DF-B5EA-DF74B92CA0C9}.Release|Any CPU.ActiveCfg = Release|Any CPU
		{4B0E16CB-42A8-45DF-B5EA-DF74B92CA0C9}.Release|Any CPU.Build.0 = Release|Any CPU
		{F0DFD901-55A5-475D-93E9-3F8C0E8FBE65}.Debug|Any CPU.ActiveCfg = Debug|Any CPU
		{F0DFD901-55A5-475D-93E9-3F8C0E8FBE65}.Debug|Any CPU.Build.0 = Debug|Any CPU
		{F0DFD901-55A5-475D-93E9-3F8C0E8FBE65}.Release|Any CPU.ActiveCfg = Release|Any CPU
		{F0DFD901-55A5-475D-93E9-3F8C0E8FBE65}.Release|Any CPU.Build.0 = Release|Any CPU
		{6EA84D28-DB4C-43A1-A2BE-7B8E5342D9E5}.Debug|Any CPU.ActiveCfg = Debug|Any CPU
		{6EA84D28-DB4C-43A1-A2BE-7B8E5342D9E5}.Debug|Any CPU.Build.0 = Debug|Any CPU
		{6EA84D28-DB4C-43A1-A2BE-7B8E5342D9E5}.Release|Any CPU.ActiveCfg = Release|Any CPU
		{6EA84D28-DB4C-43A1-A2BE-7B8E5342D9E5}.Release|Any CPU.Build.0 = Release|Any CPU
		{B99F2583-50F4-4E70-8BD3-503B8977587E}.Debug|Any CPU.ActiveCfg = Debug|Any CPU
		{B99F2583-50F4-4E70-8BD3-503B8977587E}.Debug|Any CPU.Build.0 = Debug|Any CPU
		{B99F2583-50F4-4E70-8BD3-503B8977587E}.Release|Any CPU.ActiveCfg = Release|Any CPU
		{B99F2583-50F4-4E70-8BD3-503B8977587E}.Release|Any CPU.Build.0 = Release|Any CPU
	EndGlobalSection
	GlobalSection(SolutionProperties) = preSolution
		HideSolutionNode = FALSE
	EndGlobalSection
	GlobalSection(ExtensibilityGlobals) = postSolution
		SolutionGuid = {66316A93-CF2C-4AB4-A2A6-027080C0D783}
	EndGlobalSection
EndGlobal
