
Microsoft Visual Studio Solution File, Format Version 12.00
# Visual Studio 14
VisualStudioVersion = 14.0.25420.1
MinimumVisualStudioVersion = 10.0.40219.1
Project("{FAE04EC0-301F-11D3-BF4B-00C04F79EFBC}") = "InterfaceClient", "InterfaceClient\InterfaceClient.csproj", "{6A51C552-FC88-422D-AE89-8E2988A6C37A}"
EndProject
Project("{FAE04EC0-301F-11D3-BF4B-00C04F79EFBC}") = "InterfaceClient.Tests", "InterfaceClient.Tests\InterfaceClient.Tests.csproj", "{84898D48-16F1-4EF2-BB3D-578831564BAE}"
EndProject
Global
	GlobalSection(SolutionConfigurationPlatforms) = preSolution
		Debug|Any CPU = Debug|Any CPU
		Release|Any CPU = Release|Any CPU
	EndGlobalSection
	GlobalSection(ProjectConfigurationPlatforms) = postSolution
		{6A51C552-FC88-422D-AE89-8E2988A6C37A}.Debug|Any CPU.ActiveCfg = Debug|Any CPU
		{6A51C552-FC88-422D-AE89-8E2988A6C37A}.Debug|Any CPU.Build.0 = Debug|Any CPU
		{6A51C552-FC88-422D-AE89-8E2988A6C37A}.Release|Any CPU.ActiveCfg = Release|Any CPU
		{6A51C552-FC88-422D-AE89-8E2988A6C37A}.Release|Any CPU.Build.0 = Release|Any CPU
		{84898D48-16F1-4EF2-BB3D-578831564BAE}.Debug|Any CPU.ActiveCfg = Debug|Any CPU
		{84898D48-16F1-4EF2-BB3D-578831564BAE}.Debug|Any CPU.Build.0 = Debug|Any CPU
		{84898D48-16F1-4EF2-BB3D-578831564BAE}.Release|Any CPU.ActiveCfg = Release|Any CPU
		{84898D48-16F1-4EF2-BB3D-578831564BAE}.Release|Any CPU.Build.0 = Release|Any CPU
	EndGlobalSection
	GlobalSection(SolutionProperties) = preSolution
		HideSolutionNode = FALSE
	EndGlobalSection
EndGlobal
